
Microsoft Visual Studio Solution File, Format Version 12.00
# Visual Studio Version 17
VisualStudioVersion = 17.14.36518.9 d17.14
MinimumVisualStudioVersion = 10.0.40219.1
Project("{FAE04EC0-301F-11D3-BF4B-00C04F79EFBC}") = "TradeFlow.Domain", "src\TradeFlow.Domain\TradeFlow.Domain.csproj", "{AAEDA051-0F6E-46AD-A1F6-B9D786280E7E}"
EndProject
Project("{2150E333-8FDC-42A3-9474-1A3956D46DE8}") = "src", "src", "{36D591C7-65C7-A0D1-1CBC-10CDE441BDC8}"
EndProject
Global
	GlobalSection(SolutionConfigurationPlatforms) = preSolution
		Debug|Any CPU = Debug|Any CPU
		Release|Any CPU = Release|Any CPU
	EndGlobalSection
	GlobalSection(ProjectConfigurationPlatforms) = postSolution
		{AAEDA051-0F6E-46AD-A1F6-B9D786280E7E}.Debug|Any CPU.ActiveCfg = Debug|Any CPU
		{AAEDA051-0F6E-46AD-A1F6-B9D786280E7E}.Debug|Any CPU.Build.0 = Debug|Any CPU
		{AAEDA051-0F6E-46AD-A1F6-B9D786280E7E}.Release|Any CPU.ActiveCfg = Release|Any CPU
		{AAEDA051-0F6E-46AD-A1F6-B9D786280E7E}.Release|Any CPU.Build.0 = Release|Any CPU
	EndGlobalSection
	GlobalSection(SolutionProperties) = preSolution
		HideSolutionNode = FALSE
	EndGlobalSection
	GlobalSection(NestedProjects) = preSolution
		{AAEDA051-0F6E-46AD-A1F6-B9D786280E7E} = {36D591C7-65C7-A0D1-1CBC-10CDE441BDC8}
	EndGlobalSection
	GlobalSection(ExtensibilityGlobals) = postSolution
		SolutionGuid = {06EFC1C6-45E2-4093-BC9D-FAAD78A1B3A8}
	EndGlobalSection
EndGlobal
